<?xml version="1.0" encoding="utf-8"?>
<Project ToolsVersion="4.0" xmlns="http://schemas.microsoft.com/developer/msbuild/2003">
  <ItemGroup>
    <Filter Include="OBSE">
      <UniqueIdentifier>{94aa795e-944e-41af-a0d6-aa5deea207d6}</UniqueIdentifier>
    </Filter>
  </ItemGroup>
  <ItemGroup>
    <ClCompile Include="dllmain.c" />
    <ClCompile Include="main.cpp" />
    <ClCompile Include="Patches\CrashLog.cpp" />
    <ClCompile Include="definitions.cpp" />
    <ClCompile Include="..\OBSE\obse\obse_common\SafeWrite.cpp">
      <Filter>OBSE</Filter>
    </ClCompile>
  </ItemGroup>
  <ItemGroup>
    <ClInclude Include="Patches\CrashLog.h" />
    <ClInclude Include="definitions.h" />
    <ClInclude Include="..\OBSE\obse\obse_common\SafeWrite.h">
      <Filter>OBSE</Filter>
    </ClInclude>
  </ItemGroup>
  <ItemGroup>
    <None Include="exports.def" />
  </ItemGroup>
</Project>